
Microsoft Visual Studio Solution File, Format Version 12.00
# Visual Studio Version 17
VisualStudioVersion = 17.12.35707.178 d17.12
MinimumVisualStudioVersion = 10.0.40219.1
Project("{FAE04EC0-301F-11D3-BF4B-00C04F79EFBC}") = "Dictionary_Management_System", "Dictionary_Management_System\Dictionary_Management_System.csproj", "{C9AAD5CE-5632-45FF-AF4C-5F4325A8A431}"
EndProject
Global
	GlobalSection(SolutionConfigurationPlatforms) = preSolution
		Debug|Any CPU = Debug|Any CPU
		Release|Any CPU = Release|Any CPU
	EndGlobalSection
	GlobalSection(ProjectConfigurationPlatforms) = postSolution
		{C9AAD5CE-5632-45FF-AF4C-5F4325A8A431}.Debug|Any CPU.ActiveCfg = Debug|Any CPU
		{C9AAD5CE-5632-45FF-AF4C-5F4325A8A431}.Debug|Any CPU.Build.0 = Debug|Any CPU
		{C9AAD5CE-5632-45FF-AF4C-5F4325A8A431}.Release|Any CPU.ActiveCfg = Release|Any CPU
		{C9AAD5CE-5632-45FF-AF4C-5F4325A8A431}.Release|Any CPU.Build.0 = Release|Any CPU
	EndGlobalSection
	GlobalSection(SolutionProperties) = preSolution
		HideSolutionNode = FALSE
	EndGlobalSection
EndGlobal
